
Microsoft Visual Studio Solution File, Format Version 12.00
# Visual Studio Version 17
VisualStudioVersion = 17.0.32112.339
MinimumVisualStudioVersion = 10.0.40219.1
Project("{FAE04EC0-301F-11D3-BF4B-00C04F79EFBC}") = "First WPF Application", "First WPF Application.csproj", "{FCEDE019-58CD-4963-A47A-42AC617436BA}"
EndProject
Global
	GlobalSection(SolutionConfigurationPlatforms) = preSolution
		Debug|Any CPU = Debug|Any CPU
		Release|Any CPU = Release|Any CPU
	EndGlobalSection
	GlobalSection(ProjectConfigurationPlatforms) = postSolution
		{FCEDE019-58CD-4963-A47A-42AC617436BA}.Debug|Any CPU.ActiveCfg = Debug|Any CPU
		{FCEDE019-58CD-4963-A47A-42AC617436BA}.Debug|Any CPU.Build.0 = Debug|Any CPU
		{FCEDE019-58CD-4963-A47A-42AC617436BA}.Release|Any CPU.ActiveCfg = Release|Any CPU
		{FCEDE019-58CD-4963-A47A-42AC617436BA}.Release|Any CPU.Build.0 = Release|Any CPU
	EndGlobalSection
	GlobalSection(SolutionProperties) = preSolution
		HideSolutionNode = FALSE
	EndGlobalSection
	GlobalSection(ExtensibilityGlobals) = postSolution
		SolutionGuid = {E43F1421-0E4D-4E11-A1F9-21375FA3D5B7}
	EndGlobalSection
EndGlobal
